# @generated by Move, please check-in and do not edit manually.

[move]
version = 3
manifest_digest = "6882CD715863C17CE8C4FD48748826CF5AAD3785E6937E3089872F96B5CC77BC"
deps_digest = "F8BBB0CCB2491CA29A3DF03D6F92277A4F3574266507ACD77214D37ECA3F3082"
dependencies = [
  { id = "Sui", name = "Sui" },
]

[[move.package]]
id = "MoveStdlib"
source = { git = "https://github.com/MystenLabs/sui.git", rev = "testnet", subdir = "crates\\sui-framework\\packages\\move-stdlib" }

[[move.package]]
id = "Sui"
source = { git = "https://github.com/MystenLabs/sui.git", rev = "testnet", subdir = "crates/sui-framework/packages/sui-framework" }

dependencies = [
  { id = "MoveStdlib", name = "MoveStdlib" },
]

[move.toolchain-version]
compiler-version = "1.58.1"
edition = "2024.beta"
flavor = "sui"

[env]

[env.testnet]
chain-id = "4c78adac"
original-published-id = "0xcc84871dc79970f2dab50400699552c2ebeba058c8e6a8a4e9f5ace44464311f"
latest-published-id = "0xcc84871dc79970f2dab50400699552c2ebeba058c8e6a8a4e9f5ace44464311f"
published-version = "1"
